
Microsoft Visual Studio Solution File, Format Version 12.00
# Visual Studio 14
VisualStudioVersion = 14.0.25123.0
MinimumVisualStudioVersion = 10.0.40219.1
Project("{8BC9CEB8-8B4A-11D0-8D11-00A0C91BC942}") = "HelloTriangle", "HelloTriangle\HelloTriangle.vcxproj", "{19EA3E33-7535-4074-B1F5-5A31A2887F97}"
EndProject
Project("{8BC9CEB8-8B4A-11D0-8D11-00A0C91BC942}") = "Cube", "Cube\Cube.vcxproj", "{0BEF26A4-901B-4BF4-86E4-B43369880DDC}"
EndProject
Project("{8BC9CEB8-8B4A-11D0-8D11-00A0C91BC942}") = "Plane", "Plane\Plane.vcxproj", "{4A04A14C-B9CE-45C4-9229-730B010CAEBA}"
EndProject
Project("{8BC9CEB8-8B4A-11D0-8D11-00A0C91BC942}") = "PhongShading", "PhongShading\PhongShading.vcxproj", "{20A83C41-98D3-4B16-80E8-710F8208EADF}"
EndProject
Project("{8BC9CEB8-8B4A-11D0-8D11-00A0C91BC942}") = "Texture", "Texture\Texture.vcxproj", "{BB046A68-9DCF-4DFE-8E79-DEB0BF84AB86}"
EndProject
Project("{8BC9CEB8-8B4A-11D0-8D11-00A0C91BC942}") = "Labyrinth", "Labyrinth\Labyrinth.vcxproj", "{BF6AFE74-75C3-41CA-A77F-C3491F94B3FA}"
EndProject
Project("{8BC9CEB8-8B4A-11D0-8D11-00A0C91BC942}") = "MultiTexture", "MultiTexture\MultiTexture.vcxproj", "{80536DCC-5C83-4555-94F2-BC96B21B63EC}"
EndProject
Project("{8BC9CEB8-8B4A-11D0-8D11-00A0C91BC942}") = "GouradShading", "GouradShading\GouradShading.vcxproj", "{5AFCE57A-2062-47FC-9E98-A30EC31DE872}"
EndProject
Project("{8BC9CEB8-8B4A-11D0-8D11-00A0C91BC942}") = "FiltroPhotoshop", "FiltroPhotoshop\FiltroPhotoshop.vcxproj", "{34210787-E7D2-49E1-B88F-09160B4F3DDD}"
EndProject
Project("{8BC9CEB8-8B4A-11D0-8D11-00A0C91BC942}") = "HeightMap", "HeightMap\HeightMap.vcxproj", "{E6954C31-2D12-42D9-9C37-E5994D5B2A90}"
EndProject
Project("{8BC9CEB8-8B4A-11D0-8D11-00A0C91BC942}") = "BumpMapping", "BumpMapping\BumpMapping.vcxproj", "{1813DA2E-BEE6-451B-ACD8-E1876ABD2358}"
EndProject
Project("{8BC9CEB8-8B4A-11D0-8D11-00A0C91BC942}") = "ProyectoFinal", "ProyectoFinal\ProyectoFinal.vcxproj", "{3AF6BB7F-AA34-4F36-84B6-AAB4EB019308}"
EndProject
Global
	GlobalSection(SolutionConfigurationPlatforms) = preSolution
		Debug|x64 = Debug|x64
		Debug|x86 = Debug|x86
		Release|x64 = Release|x64
		Release|x86 = Release|x86
	EndGlobalSection
	GlobalSection(ProjectConfigurationPlatforms) = postSolution
		{19EA3E33-7535-4074-B1F5-5A31A2887F97}.Debug|x64.ActiveCfg = Debug|x64
		{19EA3E33-7535-4074-B1F5-5A31A2887F97}.Debug|x64.Build.0 = Debug|x64
		{19EA3E33-7535-4074-B1F5-5A31A2887F97}.Debug|x86.ActiveCfg = Debug|Win32
		{19EA3E33-7535-4074-B1F5-5A31A2887F97}.Debug|x86.Build.0 = Debug|Win32
		{19EA3E33-7535-4074-B1F5-5A31A2887F97}.Release|x64.ActiveCfg = Release|x64
		{19EA3E33-7535-4074-B1F5-5A31A2887F97}.Release|x64.Build.0 = Release|x64
		{19EA3E33-7535-4074-B1F5-5A31A2887F97}.Release|x86.ActiveCfg = Release|Win32
		{19EA3E33-7535-4074-B1F5-5A31A2887F97}.Release|x86.Build.0 = Release|Win32
		{0BEF26A4-901B-4BF4-86E4-B43369880DDC}.Debug|x64.ActiveCfg = Debug|x64
		{0BEF26A4-901B-4BF4-86E4-B43369880DDC}.Debug|x64.Build.0 = Debug|x64
		{0BEF26A4-901B-4BF4-86E4-B43369880DDC}.Debug|x86.ActiveCfg = Debug|Win32
		{0BEF26A4-901B-4BF4-86E4-B43369880DDC}.Debug|x86.Build.0 = Debug|Win32
		{0BEF26A4-901B-4BF4-86E4-B43369880DDC}.Release|x64.ActiveCfg = Release|x64
		{0BEF26A4-901B-4BF4-86E4-B43369880DDC}.Release|x64.Build.0 = Release|x64
		{0BEF26A4-901B-4BF4-86E4-B43369880DDC}.Release|x86.ActiveCfg = Release|Win32
		{0BEF26A4-901B-4BF4-86E4-B43369880DDC}.Release|x86.Build.0 = Release|Win32
		{4A04A14C-B9CE-45C4-9229-730B010CAEBA}.Debug|x64.ActiveCfg = Debug|x64
		{4A04A14C-B9CE-45C4-9229-730B010CAEBA}.Debug|x64.Build.0 = Debug|x64
		{4A04A14C-B9CE-45C4-9229-730B010CAEBA}.Debug|x86.ActiveCfg = Debug|Win32
		{4A04A14C-B9CE-45C4-9229-730B010CAEBA}.Debug|x86.Build.0 = Debug|Win32
		{4A04A14C-B9CE-45C4-9229-730B010CAEBA}.Release|x64.ActiveCfg = Release|x64
		{4A04A14C-B9CE-45C4-9229-730B010CAEBA}.Release|x64.Build.0 = Release|x64
		{4A04A14C-B9CE-45C4-9229-730B010CAEBA}.Release|x86.ActiveCfg = Release|Win32
		{4A04A14C-B9CE-45C4-9229-730B010CAEBA}.Release|x86.Build.0 = Release|Win32
		{20A83C41-98D3-4B16-80E8-710F8208EADF}.Debug|x64.ActiveCfg = Debug|x64
		{20A83C41-98D3-4B16-80E8-710F8208EADF}.Debug|x64.Build.0 = Debug|x64
		{20A83C41-98D3-4B16-80E8-710F8208EADF}.Debug|x86.ActiveCfg = Debug|Win32
		{20A83C41-98D3-4B16-80E8-710F8208EADF}.Debug|x86.Build.0 = Debug|Win32
		{20A83C41-98D3-4B16-80E8-710F8208EADF}.Release|x64.ActiveCfg = Release|x64
		{20A83C41-98D3-4B16-80E8-710F8208EADF}.Release|x64.Build.0 = Release|x64
		{20A83C41-98D3-4B16-80E8-710F8208EADF}.Release|x86.ActiveCfg = Release|Win32
		{20A83C41-98D3-4B16-80E8-710F8208EADF}.Release|x86.Build.0 = Release|Win32
		{BB046A68-9DCF-4DFE-8E79-DEB0BF84AB86}.Debug|x64.ActiveCfg = Debug|x64
		{BB046A68-9DCF-4DFE-8E79-DEB0BF84AB86}.Debug|x64.Build.0 = Debug|x64
		{BB046A68-9DCF-4DFE-8E79-DEB0BF84AB86}.Debug|x86.ActiveCfg = Debug|Win32
		{BB046A68-9DCF-4DFE-8E79-DEB0BF84AB86}.Debug|x86.Build.0 = Debug|Win32
		{BB046A68-9DCF-4DFE-8E79-DEB0BF84AB86}.Release|x64.ActiveCfg = Release|x64
		{BB046A68-9DCF-4DFE-8E79-DEB0BF84AB86}.Release|x64.Build.0 = Release|x64
		{BB046A68-9DCF-4DFE-8E79-DEB0BF84AB86}.Release|x86.ActiveCfg = Release|Win32
		{BB046A68-9DCF-4DFE-8E79-DEB0BF84AB86}.Release|x86.Build.0 = Release|Win32
		{BF6AFE74-75C3-41CA-A77F-C3491F94B3FA}.Debug|x64.ActiveCfg = Debug|x64
		{BF6AFE74-75C3-41CA-A77F-C3491F94B3FA}.Debug|x64.Build.0 = Debug|x64
		{BF6AFE74-75C3-41CA-A77F-C3491F94B3FA}.Debug|x86.ActiveCfg = Debug|Win32
		{BF6AFE74-75C3-41CA-A77F-C3491F94B3FA}.Debug|x86.Build.0 = Debug|Win32
		{BF6AFE74-75C3-41CA-A77F-C3491F94B3FA}.Release|x64.ActiveCfg = Release|x64
		{BF6AFE74-75C3-41CA-A77F-C3491F94B3FA}.Release|x64.Build.0 = Release|x64
		{BF6AFE74-75C3-41CA-A77F-C3491F94B3FA}.Release|x86.ActiveCfg = Release|Win32
		{BF6AFE74-75C3-41CA-A77F-C3491F94B3FA}.Release|x86.Build.0 = Release|Win32
		{80536DCC-5C83-4555-94F2-BC96B21B63EC}.Debug|x64.ActiveCfg = Debug|x64
		{80536DCC-5C83-4555-94F2-BC96B21B63EC}.Debug|x64.Build.0 = Debug|x64
		{80536DCC-5C83-4555-94F2-BC96B21B63EC}.Debug|x86.ActiveCfg = Debug|Win32
		{80536DCC-5C83-4555-94F2-BC96B21B63EC}.Debug|x86.Build.0 = Debug|Win32
		{80536DCC-5C83-4555-94F2-BC96B21B63EC}.Release|x64.ActiveCfg = Release|x64
		{80536DCC-5C83-4555-94F2-BC96B21B63EC}.Release|x64.Build.0 = Release|x64
		{80536DCC-5C83-4555-94F2-BC96B21B63EC}.Release|x86.ActiveCfg = Release|Win32
		{80536DCC-5C83-4555-94F2-BC96B21B63EC}.Release|x86.Build.0 = Release|Win32
		{5AFCE57A-2062-47FC-9E98-A30EC31DE872}.Debug|x64.ActiveCfg = Debug|x64
		{5AFCE57A-2062-47FC-9E98-A30EC31DE872}.Debug|x64.Build.0 = Debug|x64
		{5AFCE57A-2062-47FC-9E98-A30EC31DE872}.Debug|x86.ActiveCfg = Debug|Win32
		{5AFCE57A-2062-47FC-9E98-A30EC31DE872}.Debug|x86.Build.0 = Debug|Win32
		{5AFCE57A-2062-47FC-9E98-A30EC31DE872}.Release|x64.ActiveCfg = Release|x64
		{5AFCE57A-2062-47FC-9E98-A30EC31DE872}.Release|x64.Build.0 = Release|x64
		{5AFCE57A-2062-47FC-9E98-A30EC31DE872}.Release|x86.ActiveCfg = Release|Win32
		{5AFCE57A-2062-47FC-9E98-A30EC31DE872}.Release|x86.Build.0 = Release|Win32
		{34210787-E7D2-49E1-B88F-09160B4F3DDD}.Debug|x64.ActiveCfg = Debug|x64
		{34210787-E7D2-49E1-B88F-09160B4F3DDD}.Debug|x64.Build.0 = Debug|x64
		{34210787-E7D2-49E1-B88F-09160B4F3DDD}.Debug|x86.ActiveCfg = Debug|Win32
		{34210787-E7D2-49E1-B88F-09160B4F3DDD}.Debug|x86.Build.0 = Debug|Win32
		{34210787-E7D2-49E1-B88F-09160B4F3DDD}.Release|x64.ActiveCfg = Release|x64
		{34210787-E7D2-49E1-B88F-09160B4F3DDD}.Release|x64.Build.0 = Release|x64
		{34210787-E7D2-49E1-B88F-09160B4F3DDD}.Release|x86.ActiveCfg = Release|Win32
		{34210787-E7D2-49E1-B88F-09160B4F3DDD}.Release|x86.Build.0 = Release|Win32
		{E6954C31-2D12-42D9-9C37-E5994D5B2A90}.Debug|x64.ActiveCfg = Debug|x64
		{E6954C31-2D12-42D9-9C37-E5994D5B2A90}.Debug|x64.Build.0 = Debug|x64
		{E6954C31-2D12-42D9-9C37-E5994D5B2A90}.Debug|x86.ActiveCfg = Debug|Win32
		{E6954C31-2D12-42D9-9C37-E5994D5B2A90}.Debug|x86.Build.0 = Debug|Win32
		{E6954C31-2D12-42D9-9C37-E5994D5B2A90}.Release|x64.ActiveCfg = Release|x64
		{E6954C31-2D12-42D9-9C37-E5994D5B2A90}.Release|x64.Build.0 = Release|x64
		{E6954C31-2D12-42D9-9C37-E5994D5B2A90}.Release|x86.ActiveCfg = Release|Win32
		{E6954C31-2D12-42D9-9C37-E5994D5B2A90}.Release|x86.Build.0 = Release|Win32
		{1813DA2E-BEE6-451B-ACD8-E1876ABD2358}.Debug|x64.ActiveCfg = Debug|x64
		{1813DA2E-BEE6-451B-ACD8-E1876ABD2358}.Debug|x64.Build.0 = Debug|x64
		{1813DA2E-BEE6-451B-ACD8-E1876ABD2358}.Debug|x86.ActiveCfg = Debug|Win32
		{1813DA2E-BEE6-451B-ACD8-E1876ABD2358}.Debug|x86.Build.0 = Debug|Win32
		{1813DA2E-BEE6-451B-ACD8-E1876ABD2358}.Release|x64.ActiveCfg = Release|x64
		{1813DA2E-BEE6-451B-ACD8-E1876ABD2358}.Release|x64.Build.0 = Release|x64
		{1813DA2E-BEE6-451B-ACD8-E1876ABD2358}.Release|x86.ActiveCfg = Release|Win32
		{1813DA2E-BEE6-451B-ACD8-E1876ABD2358}.Release|x86.Build.0 = Release|Win32
		{3AF6BB7F-AA34-4F36-84B6-AAB4EB019308}.Debug|x64.ActiveCfg = Debug|x64
		{3AF6BB7F-AA34-4F36-84B6-AAB4EB019308}.Debug|x64.Build.0 = Debug|x64
		{3AF6BB7F-AA34-4F36-84B6-AAB4EB019308}.Debug|x86.ActiveCfg = Debug|Win32
		{3AF6BB7F-AA34-4F36-84B6-AAB4EB019308}.Debug|x86.Build.0 = Debug|Win32
		{3AF6BB7F-AA34-4F36-84B6-AAB4EB019308}.Release|x64.ActiveCfg = Release|x64
		{3AF6BB7F-AA34-4F36-84B6-AAB4EB019308}.Release|x64.Build.0 = Release|x64
		{3AF6BB7F-AA34-4F36-84B6-AAB4EB019308}.Release|x86.ActiveCfg = Release|Win32
		{3AF6BB7F-AA34-4F36-84B6-AAB4EB019308}.Release|x86.Build.0 = Release|Win32
	EndGlobalSection
	GlobalSection(SolutionProperties) = preSolution
		HideSolutionNode = FALSE
	EndGlobalSection
EndGlobal
